
Microsoft Visual Studio Solution File, Format Version 12.00
# Visual Studio Version 17
VisualStudioVersion = 17.7.34024.191
MinimumVisualStudioVersion = 10.0.40219.1
Project("{9A19103F-16F7-4668-BE54-9A1E7A4F7556}") = "TestProject1", "CodewarsTest\TestProject1.csproj", "{72F37756-48BF-43B1-9A7F-42BE98234F69}"
EndProject
Project("{9A19103F-16F7-4668-BE54-9A1E7A4F7556}") = "TestProject2", "TestProject2\TestProject2.csproj", "{363D03B5-4A80-459A-ABBC-D4FC4F33A8A3}"
EndProject
Project("{9A19103F-16F7-4668-BE54-9A1E7A4F7556}") = "TestProject3", "TestProject3\TestProject3.csproj", "{E534CAE6-C571-4A5B-B82B-D3FB23C46364}"
EndProject
Project("{9A19103F-16F7-4668-BE54-9A1E7A4F7556}") = "TestProject4", "TestProject4\TestProject4.csproj", "{EDC1414C-F65B-472A-871F-79CACEAD6526}"
EndProject
Project("{9A19103F-16F7-4668-BE54-9A1E7A4F7556}") = "TestProject5", "TestProject5\TestProject5.csproj", "{028DAD77-F9E5-4DE2-982F-02666B4B1049}"
EndProject
Project("{9A19103F-16F7-4668-BE54-9A1E7A4F7556}") = "TestProject6", "TestProject6\TestProject6.csproj", "{B159DB8A-8CFA-4E3C-AB87-2467254135B1}"
EndProject
Project("{9A19103F-16F7-4668-BE54-9A1E7A4F7556}") = "TestProject7", "TestProject7\TestProject7.csproj", "{D2514252-2479-4288-BAE8-43AA0126CC23}"
EndProject
Project("{9A19103F-16F7-4668-BE54-9A1E7A4F7556}") = "TestProject8", "TestProject8\TestProject8.csproj", "{60EE7C5B-CC39-4B36-8721-CD43A437B6FB}"
EndProject
Project("{9A19103F-16F7-4668-BE54-9A1E7A4F7556}") = "TestProject9", "TestProject9\TestProject9.csproj", "{5D908927-C472-4C2D-830D-6AE5EB23A788}"
EndProject
Project("{9A19103F-16F7-4668-BE54-9A1E7A4F7556}") = "TestProject10", "TestProject10\TestProject10.csproj", "{C5B662E9-5380-4C49-9E7A-D9D82246DA82}"
EndProject
Project("{9A19103F-16F7-4668-BE54-9A1E7A4F7556}") = "TestProject11", "TestProject11\TestProject11.csproj", "{98F40185-F7C8-4B3F-8AFB-D706E71E4D9B}"
EndProject
Project("{9A19103F-16F7-4668-BE54-9A1E7A4F7556}") = "TestProject12", "TestProject12\TestProject12.csproj", "{5B87CE22-AEF7-4653-B23C-391D41F07752}"
EndProject
Project("{9A19103F-16F7-4668-BE54-9A1E7A4F7556}") = "TestProject13", "TestProject13\TestProject13.csproj", "{1FAB8542-34E9-4155-A21A-421CBD54B036}"
EndProject
Project("{9A19103F-16F7-4668-BE54-9A1E7A4F7556}") = "TestProject14", "TestProject14\TestProject14.csproj", "{A45CCF6C-905A-4A03-AC2B-83BFEF503316}"
EndProject
Project("{9A19103F-16F7-4668-BE54-9A1E7A4F7556}") = "TestProject15", "TestProject15\TestProject15.csproj", "{469C5D2F-372B-4E41-9645-55F7FF5A9BC2}"
EndProject
Project("{9A19103F-16F7-4668-BE54-9A1E7A4F7556}") = "TestProject16", "TestProject16\TestProject16.csproj", "{A8C0416D-1F81-4441-922D-888D2BD47133}"
EndProject
Project("{FAE04EC0-301F-11D3-BF4B-00C04F79EFBC}") = "TestProject17", "TestProject17\TestProject17.csproj", "{130A41E1-FE9B-4338-AB32-AB03EDD743E6}"
EndProject
Project("{FAE04EC0-301F-11D3-BF4B-00C04F79EFBC}") = "TestProject18", "TestProject18\TestProject18.csproj", "{E2B97A5C-1202-4089-A2E3-CFEAB8DC6451}"
EndProject
Project("{FAE04EC0-301F-11D3-BF4B-00C04F79EFBC}") = "TestProject19", "TestProject19\TestProject19.csproj", "{AD661951-A63E-4779-8172-E73F6D001FD9}"
EndProject
Project("{FAE04EC0-301F-11D3-BF4B-00C04F79EFBC}") = "TestProject20", "TestProject20\TestProject20.csproj", "{898EBAD7-47D0-4D4D-9480-5184840EFEBC}"
EndProject
Project("{FAE04EC0-301F-11D3-BF4B-00C04F79EFBC}") = "TestProject21", "TestProject21\TestProject21.csproj", "{F6E67720-DFB0-404D-82AE-CD6AF83FB0CF}"
EndProject
Project("{FAE04EC0-301F-11D3-BF4B-00C04F79EFBC}") = "TestProject22", "TestProject22\TestProject22.csproj", "{AF3D43D3-2DC7-4646-9FD9-10D24326D820}"
EndProject
Global
	GlobalSection(SolutionConfigurationPlatforms) = preSolution
		Debug|Any CPU = Debug|Any CPU
		Release|Any CPU = Release|Any CPU
	EndGlobalSection
	GlobalSection(ProjectConfigurationPlatforms) = postSolution
		{72F37756-48BF-43B1-9A7F-42BE98234F69}.Debug|Any CPU.ActiveCfg = Debug|Any CPU
		{72F37756-48BF-43B1-9A7F-42BE98234F69}.Debug|Any CPU.Build.0 = Debug|Any CPU
		{72F37756-48BF-43B1-9A7F-42BE98234F69}.Release|Any CPU.ActiveCfg = Release|Any CPU
		{72F37756-48BF-43B1-9A7F-42BE98234F69}.Release|Any CPU.Build.0 = Release|Any CPU
		{363D03B5-4A80-459A-ABBC-D4FC4F33A8A3}.Debug|Any CPU.ActiveCfg = Debug|Any CPU
		{363D03B5-4A80-459A-ABBC-D4FC4F33A8A3}.Debug|Any CPU.Build.0 = Debug|Any CPU
		{363D03B5-4A80-459A-ABBC-D4FC4F33A8A3}.Release|Any CPU.ActiveCfg = Release|Any CPU
		{363D03B5-4A80-459A-ABBC-D4FC4F33A8A3}.Release|Any CPU.Build.0 = Release|Any CPU
		{E534CAE6-C571-4A5B-B82B-D3FB23C46364}.Debug|Any CPU.ActiveCfg = Debug|Any CPU
		{E534CAE6-C571-4A5B-B82B-D3FB23C46364}.Debug|Any CPU.Build.0 = Debug|Any CPU
		{E534CAE6-C571-4A5B-B82B-D3FB23C46364}.Release|Any CPU.ActiveCfg = Release|Any CPU
		{E534CAE6-C571-4A5B-B82B-D3FB23C46364}.Release|Any CPU.Build.0 = Release|Any CPU
		{EDC1414C-F65B-472A-871F-79CACEAD6526}.Debug|Any CPU.ActiveCfg = Debug|Any CPU
		{EDC1414C-F65B-472A-871F-79CACEAD6526}.Debug|Any CPU.Build.0 = Debug|Any CPU
		{EDC1414C-F65B-472A-871F-79CACEAD6526}.Release|Any CPU.ActiveCfg = Release|Any CPU
		{EDC1414C-F65B-472A-871F-79CACEAD6526}.Release|Any CPU.Build.0 = Release|Any CPU
		{028DAD77-F9E5-4DE2-982F-02666B4B1049}.Debug|Any CPU.ActiveCfg = Debug|Any CPU
		{028DAD77-F9E5-4DE2-982F-02666B4B1049}.Debug|Any CPU.Build.0 = Debug|Any CPU
		{028DAD77-F9E5-4DE2-982F-02666B4B1049}.Release|Any CPU.ActiveCfg = Release|Any CPU
		{028DAD77-F9E5-4DE2-982F-02666B4B1049}.Release|Any CPU.Build.0 = Release|Any CPU
		{B159DB8A-8CFA-4E3C-AB87-2467254135B1}.Debug|Any CPU.ActiveCfg = Debug|Any CPU
		{B159DB8A-8CFA-4E3C-AB87-2467254135B1}.Debug|Any CPU.Build.0 = Debug|Any CPU
		{B159DB8A-8CFA-4E3C-AB87-2467254135B1}.Release|Any CPU.ActiveCfg = Release|Any CPU
		{B159DB8A-8CFA-4E3C-AB87-2467254135B1}.Release|Any CPU.Build.0 = Release|Any CPU
		{D2514252-2479-4288-BAE8-43AA0126CC23}.Debug|Any CPU.ActiveCfg = Debug|Any CPU
		{D2514252-2479-4288-BAE8-43AA0126CC23}.Debug|Any CPU.Build.0 = Debug|Any CPU
		{D2514252-2479-4288-BAE8-43AA0126CC23}.Release|Any CPU.ActiveCfg = Release|Any CPU
		{D2514252-2479-4288-BAE8-43AA0126CC23}.Release|Any CPU.Build.0 = Release|Any CPU
		{60EE7C5B-CC39-4B36-8721-CD43A437B6FB}.Debug|Any CPU.ActiveCfg = Debug|Any CPU
		{60EE7C5B-CC39-4B36-8721-CD43A437B6FB}.Debug|Any CPU.Build.0 = Debug|Any CPU
		{60EE7C5B-CC39-4B36-8721-CD43A437B6FB}.Release|Any CPU.ActiveCfg = Release|Any CPU
		{60EE7C5B-CC39-4B36-8721-CD43A437B6FB}.Release|Any CPU.Build.0 = Release|Any CPU
		{5D908927-C472-4C2D-830D-6AE5EB23A788}.Debug|Any CPU.ActiveCfg = Debug|Any CPU
		{5D908927-C472-4C2D-830D-6AE5EB23A788}.Debug|Any CPU.Build.0 = Debug|Any CPU
		{5D908927-C472-4C2D-830D-6AE5EB23A788}.Release|Any CPU.ActiveCfg = Release|Any CPU
		{5D908927-C472-4C2D-830D-6AE5EB23A788}.Release|Any CPU.Build.0 = Release|Any CPU
		{C5B662E9-5380-4C49-9E7A-D9D82246DA82}.Debug|Any CPU.ActiveCfg = Debug|Any CPU
		{C5B662E9-5380-4C49-9E7A-D9D82246DA82}.Debug|Any CPU.Build.0 = Debug|Any CPU
		{C5B662E9-5380-4C49-9E7A-D9D82246DA82}.Release|Any CPU.ActiveCfg = Release|Any CPU
		{C5B662E9-5380-4C49-9E7A-D9D82246DA82}.Release|Any CPU.Build.0 = Release|Any CPU
		{98F40185-F7C8-4B3F-8AFB-D706E71E4D9B}.Debug|Any CPU.ActiveCfg = Debug|Any CPU
		{98F40185-F7C8-4B3F-8AFB-D706E71E4D9B}.Debug|Any CPU.Build.0 = Debug|Any CPU
		{98F40185-F7C8-4B3F-8AFB-D706E71E4D9B}.Release|Any CPU.ActiveCfg = Release|Any CPU
		{98F40185-F7C8-4B3F-8AFB-D706E71E4D9B}.Release|Any CPU.Build.0 = Release|Any CPU
		{5B87CE22-AEF7-4653-B23C-391D41F07752}.Debug|Any CPU.ActiveCfg = Debug|Any CPU
		{5B87CE22-AEF7-4653-B23C-391D41F07752}.Debug|Any CPU.Build.0 = Debug|Any CPU
		{5B87CE22-AEF7-4653-B23C-391D41F07752}.Release|Any CPU.ActiveCfg = Release|Any CPU
		{5B87CE22-AEF7-4653-B23C-391D41F07752}.Release|Any CPU.Build.0 = Release|Any CPU
		{1FAB8542-34E9-4155-A21A-421CBD54B036}.Debug|Any CPU.ActiveCfg = Debug|Any CPU
		{1FAB8542-34E9-4155-A21A-421CBD54B036}.Debug|Any CPU.Build.0 = Debug|Any CPU
		{1FAB8542-34E9-4155-A21A-421CBD54B036}.Release|Any CPU.ActiveCfg = Release|Any CPU
		{1FAB8542-34E9-4155-A21A-421CBD54B036}.Release|Any CPU.Build.0 = Release|Any CPU
		{A45CCF6C-905A-4A03-AC2B-83BFEF503316}.Debug|Any CPU.ActiveCfg = Debug|Any CPU
		{A45CCF6C-905A-4A03-AC2B-83BFEF503316}.Debug|Any CPU.Build.0 = Debug|Any CPU
		{A45CCF6C-905A-4A03-AC2B-83BFEF503316}.Release|Any CPU.ActiveCfg = Release|Any CPU
		{A45CCF6C-905A-4A03-AC2B-83BFEF503316}.Release|Any CPU.Build.0 = Release|Any CPU
		{469C5D2F-372B-4E41-9645-55F7FF5A9BC2}.Debug|Any CPU.ActiveCfg = Debug|Any CPU
		{469C5D2F-372B-4E41-9645-55F7FF5A9BC2}.Debug|Any CPU.Build.0 = Debug|Any CPU
		{469C5D2F-372B-4E41-9645-55F7FF5A9BC2}.Release|Any CPU.ActiveCfg = Release|Any CPU
		{469C5D2F-372B-4E41-9645-55F7FF5A9BC2}.Release|Any CPU.Build.0 = Release|Any CPU
		{A8C0416D-1F81-4441-922D-888D2BD47133}.Debug|Any CPU.ActiveCfg = Debug|Any CPU
		{A8C0416D-1F81-4441-922D-888D2BD47133}.Debug|Any CPU.Build.0 = Debug|Any CPU
		{A8C0416D-1F81-4441-922D-888D2BD47133}.Release|Any CPU.ActiveCfg = Release|Any CPU
		{A8C0416D-1F81-4441-922D-888D2BD47133}.Release|Any CPU.Build.0 = Release|Any CPU
		{130A41E1-FE9B-4338-AB32-AB03EDD743E6}.Debug|Any CPU.ActiveCfg = Debug|Any CPU
		{130A41E1-FE9B-4338-AB32-AB03EDD743E6}.Debug|Any CPU.Build.0 = Debug|Any CPU
		{130A41E1-FE9B-4338-AB32-AB03EDD743E6}.Release|Any CPU.ActiveCfg = Release|Any CPU
		{130A41E1-FE9B-4338-AB32-AB03EDD743E6}.Release|Any CPU.Build.0 = Release|Any CPU
		{E2B97A5C-1202-4089-A2E3-CFEAB8DC6451}.Debug|Any CPU.ActiveCfg = Debug|Any CPU
		{E2B97A5C-1202-4089-A2E3-CFEAB8DC6451}.Debug|Any CPU.Build.0 = Debug|Any CPU
		{E2B97A5C-1202-4089-A2E3-CFEAB8DC6451}.Release|Any CPU.ActiveCfg = Release|Any CPU
		{E2B97A5C-1202-4089-A2E3-CFEAB8DC6451}.Release|Any CPU.Build.0 = Release|Any CPU
		{AD661951-A63E-4779-8172-E73F6D001FD9}.Debug|Any CPU.ActiveCfg = Debug|Any CPU
		{AD661951-A63E-4779-8172-E73F6D001FD9}.Debug|Any CPU.Build.0 = Debug|Any CPU
		{AD661951-A63E-4779-8172-E73F6D001FD9}.Release|Any CPU.ActiveCfg = Release|Any CPU
		{AD661951-A63E-4779-8172-E73F6D001FD9}.Release|Any CPU.Build.0 = Release|Any CPU
		{898EBAD7-47D0-4D4D-9480-5184840EFEBC}.Debug|Any CPU.ActiveCfg = Debug|Any CPU
		{898EBAD7-47D0-4D4D-9480-5184840EFEBC}.Debug|Any CPU.Build.0 = Debug|Any CPU
		{898EBAD7-47D0-4D4D-9480-5184840EFEBC}.Release|Any CPU.ActiveCfg = Release|Any CPU
		{898EBAD7-47D0-4D4D-9480-5184840EFEBC}.Release|Any CPU.Build.0 = Release|Any CPU
		{F6E67720-DFB0-404D-82AE-CD6AF83FB0CF}.Debug|Any CPU.ActiveCfg = Debug|Any CPU
		{F6E67720-DFB0-404D-82AE-CD6AF83FB0CF}.Debug|Any CPU.Build.0 = Debug|Any CPU
		{F6E67720-DFB0-404D-82AE-CD6AF83FB0CF}.Release|Any CPU.ActiveCfg = Release|Any CPU
		{F6E67720-DFB0-404D-82AE-CD6AF83FB0CF}.Release|Any CPU.Build.0 = Release|Any CPU
		{AF3D43D3-2DC7-4646-9FD9-10D24326D820}.Debug|Any CPU.ActiveCfg = Debug|Any CPU
		{AF3D43D3-2DC7-4646-9FD9-10D24326D820}.Debug|Any CPU.Build.0 = Debug|Any CPU
		{AF3D43D3-2DC7-4646-9FD9-10D24326D820}.Release|Any CPU.ActiveCfg = Release|Any CPU
		{AF3D43D3-2DC7-4646-9FD9-10D24326D820}.Release|Any CPU.Build.0 = Release|Any CPU
	EndGlobalSection
	GlobalSection(SolutionProperties) = preSolution
		HideSolutionNode = FALSE
	EndGlobalSection
	GlobalSection(ExtensibilityGlobals) = postSolution
		SolutionGuid = {4D00DED8-44CD-4680-A4CB-0A10B1D50C04}
	EndGlobalSection
EndGlobal
